{
  "name": "island-mini-test",
  "version": "1.0.0",
  "lockfileVersion": 1,
  "requires": true,
  "dependencies": {
    "js-base64": {
      "version": "2.5.2",
      "resolved": "https://registry.npmjs.org/js-base64/-/js-base64-2.5.2.tgz",
      "integrity": "sha512-Vg8czh0Q7sFBSUMWWArX/miJeBWYBPpdU/3M/DKSaekLMqrqVPaedp+5mZhie/r0lgrcaYBfwXatEew6gwgiQQ=="
    },
    "lin-ui": {
      "version": "0.8.3",
      "resolved": "https://registry.npm.taobao.org/lin-ui/download/lin-ui-0.8.3.tgz",
      "integrity": "sha1-8HVCINIKdADtRmeuFp4AThMj9gU="
    }
  }
}
